// !$*UTF8*$!
{
	archiveVersion = 1;
	classes = {
	};
	objectVersion = 77;
	objects = {

/* Begin PBXContainerItemProxy section */
		AA37B8212D5A46FB00967606 /* PBXContainerItemProxy */ = {
			isa = PBXContainerItemProxy;
			containerPortal = AA37B8022D5A46F800967606 /* Project object */;
			proxyType = 1;
			remoteGlobalIDString = AA37B8092D5A46F800967606;
			remoteInfo = CT_iOS;
		};
		AA37B82B2D5A46FB00967606 /* PBXContainerItemProxy */ = {
			isa = PBXContainerItemProxy;
			containerPortal = AA37B8022D5A46F800967606 /* Project object */;
			proxyType = 1;
			remoteGlobalIDString = AA37B8092D5A46F800967606;
			remoteInfo = CT_iOS;
		};
/* End PBXContainerItemProxy section */

/* Begin PBXFileReference section */
		AA37B80A2D5A46F800967606 /* CT_iOS.app */ = {isa = PBXFileReference; explicitFileType = wrapper.application; includeInIndex = 0; path = CT_iOS.app; sourceTree = BUILT_PRODUCTS_DIR; };
		AA37B8202D5A46FB00967606 /* CT_iOSTests.xctest */ = {isa = PBXFileReference; explicitFileType = wrapper.cfbundle; includeInIndex = 0; path = CT_iOSTests.xctest; sourceTree = BUILT_PRODUCTS_DIR; };
		AA37B82A2D5A46FB00967606 /* CT_iOSUITests.xctest */ = {isa = PBXFileReference; explicitFileType = wrapper.cfbundle; includeInIndex = 0; path = CT_iOSUITests.xctest; sourceTree = BUILT_PRODUCTS_DIR; };
/* End PBXFileReference section */

/* Begin PBXFileSystemSynchronizedBuildFileExceptionSet section */
		AA37B8322D5A46FB00967606 /* Exceptions for "CT_iOS" folder in "CT_iOS" target */ = {
			isa = PBXFileSystemSynchronizedBuildFileExceptionSet;
			membershipExceptions = (
				Info.plist,
			);
			target = AA37B8092D5A46F800967606 /* CT_iOS */;
		};
/* End PBXFileSystemSynchronizedBuildFileExceptionSet section */

/* Begin PBXFileSystemSynchronizedRootGroup section */
		AA37B80C2D5A46F800967606 /* CT_iOS */ = {
			isa = PBXFileSystemSynchronizedRootGroup;
			exceptions = (
				AA37B8322D5A46FB00967606 /* Exceptions for "CT_iOS" folder in "CT_iOS" target */,
			);
			path = CT_iOS;
			sourceTree = "<group>";
		};
		AA37B8232D5A46FB00967606 /* CT_iOSTests */ = {
			isa = PBXFileSystemSynchronizedRootGroup;
			path = CT_iOSTests;
			sourceTree = "<group>";
		};
		AA37B82D2D5A46FB00967606 /* CT_iOSUITests */ = {
			isa = PBXFileSystemSynchronizedRootGroup;
			path = CT_iOSUITests;
			sourceTree = "<group>";
		};
/* End PBXFileSystemSynchronizedRootGroup section */

/* Begin PBXFrameworksBuildPhase section */
		AA37B8072D5A46F800967606 /* Frameworks */ = {
			isa = PBXFrameworksBuildPhase;
			buildActionMask = 2147483647;
			files = (
			);
			runOnlyForDeploymentPostprocessing = 0;
		};
		AA37B81D2D5A46FB00967606 /* Frameworks */ = {
			isa = PBXFrameworksBuildPhase;
			buildActionMask = 2147483647;
			files = (
			);
			runOnlyForDeploymentPostprocessing = 0;
		};
		AA37B8272D5A46FB00967606 /* Frameworks */ = {
			isa = PBXFrameworksBuildPhase;
			buildActionMask = 2147483647;
			files = (
			);
			runOnlyForDeploymentPostprocessing = 0;
		};
/* End PBXFrameworksBuildPhase section */

/* Begin PBXGroup section */
		AA37B8012D5A46F800967606 = {
			isa = PBXGroup;
			children = (
				AA37B80C2D5A46F800967606 /* CT_iOS */,
				AA37B8232D5A46FB00967606 /* CT_iOSTests */,
				AA37B82D2D5A46FB00967606 /* CT_iOSUITests */,
				AA37B80B2D5A46F800967606 /* Products */,
			);
			sourceTree = "<group>";
		};
		AA37B80B2D5A46F800967606 /* Products */ = {
			isa = PBXGroup;
			children = (
				AA37B80A2D5A46F800967606 /* CT_iOS.app */,
				AA37B8202D5A46FB00967606 /* CT_iOSTests.xctest */,
				AA37B82A2D5A46FB00967606 /* CT_iOSUITests.xctest */,
			);
			name = Products;
			sourceTree = "<group>";
		};
/* End PBXGroup section */

/* Begin PBXNativeTarget section */
		AA37B8092D5A46F800967606 /* CT_iOS */ = {
			isa = PBXNativeTarget;
			buildConfigurationList = AA37B8332D5A46FB00967606 /* Build configuration list for PBXNativeTarget "CT_iOS" */;
			buildPhases = (
				AA37B8062D5A46F800967606 /* Sources */,
				AA37B8072D5A46F800967606 /* Frameworks */,
				AA37B8082D5A46F800967606 /* Resources */,
			);
			buildRules = (
			);
			dependencies = (
			);
			fileSystemSynchronizedGroups = (
				AA37B80C2D5A46F800967606 /* CT_iOS */,
			);
			name = CT_iOS;
			packageProductDependencies = (
			);
			productName = CT_iOS;
			productReference = AA37B80A2D5A46F800967606 /* CT_iOS.app */;
			productType = "com.apple.product-type.application";
		};
		AA37B81F2D5A46FB00967606 /* CT_iOSTests */ = {
			isa = PBXNativeTarget;
			buildConfigurationList = AA37B8382D5A46FB00967606 /* Build configuration list for PBXNativeTarget "CT_iOSTests" */;
			buildPhases = (
				AA37B81C2D5A46FB00967606 /* Sources */,
				AA37B81D2D5A46FB00967606 /* Frameworks */,
				AA37B81E2D5A46FB00967606 /* Resources */,
			);
			buildRules = (
			);
			dependencies = (
				AA37B8222D5A46FB00967606 /* PBXTargetDependency */,
			);
			fileSystemSynchronizedGroups = (
				AA37B8232D5A46FB00967606 /* CT_iOSTests */,
			);
			name = CT_iOSTests;
			packageProductDependencies = (
			);
			productName = CT_iOSTests;
			productReference = AA37B8202D5A46FB00967606 /* CT_iOSTests.xctest */;
			productType = "com.apple.product-type.bundle.unit-test";
		};
		AA37B8292D5A46FB00967606 /* CT_iOSUITests */ = {
			isa = PBXNativeTarget;
			buildConfigurationList = AA37B83B2D5A46FB00967606 /* Build configuration list for PBXNativeTarget "CT_iOSUITests" */;
			buildPhases = (
				AA37B8262D5A46FB00967606 /* Sources */,
				AA37B8272D5A46FB00967606 /* Frameworks */,
				AA37B8282D5A46FB00967606 /* Resources */,
			);
			buildRules = (
			);
			dependencies = (
				AA37B82C2D5A46FB00967606 /* PBXTargetDependency */,
			);
			fileSystemSynchronizedGroups = (
				AA37B82D2D5A46FB00967606 /* CT_iOSUITests */,
			);
			name = CT_iOSUITests;
			packageProductDependencies = (
			);
			productName = CT_iOSUITests;
			productReference = AA37B82A2D5A46FB00967606 /* CT_iOSUITests.xctest */;
			productType = "com.apple.product-type.bundle.ui-testing";
		};
/* End PBXNativeTarget section */

/* Begin PBXProject section */
		AA37B8022D5A46F800967606 /* Project object */ = {
			isa = PBXProject;
			attributes = {
				BuildIndependentTargetsInParallel = 1;
				LastSwiftUpdateCheck = 1620;
				LastUpgradeCheck = 1620;
				TargetAttributes = {
					AA37B8092D5A46F800967606 = {
						CreatedOnToolsVersion = 16.2;
					};
					AA37B81F2D5A46FB00967606 = {
						CreatedOnToolsVersion = 16.2;
						TestTargetID = AA37B8092D5A46F800967606;
					};
					AA37B8292D5A46FB00967606 = {
						CreatedOnToolsVersion = 16.2;
						TestTargetID = AA37B8092D5A46F800967606;
					};
				};
			};
			buildConfigurationList = AA37B8052D5A46F800967606 /* Build configuration list for PBXProject "CT_iOS" */;
			developmentRegion = en;
			hasScannedForEncodings = 0;
			knownRegions = (
				en,
				Base,
			);
			mainGroup = AA37B8012D5A46F800967606;
			minimizedProjectReferenceProxies = 1;
			preferredProjectObjectVersion = 77;
			productRefGroup = AA37B80B2D5A46F800967606 /* Products */;
			projectDirPath = "";
			projectRoot = "";
			targets = (
				AA37B8092D5A46F800967606 /* CT_iOS */,
				AA37B81F2D5A46FB00967606 /* CT_iOSTests */,
				AA37B8292D5A46FB00967606 /* CT_iOSUITests */,
			);
		};
/* End PBXProject section */

/* Begin PBXResourcesBuildPhase section */
		AA37B8082D5A46F800967606 /* Resources */ = {
			isa = PBXResourcesBuildPhase;
			buildActionMask = 2147483647;
			files = (
			);
			runOnlyForDeploymentPostprocessing = 0;
		};
		AA37B81E2D5A46FB00967606 /* Resources */ = {
			isa = PBXResourcesBuildPhase;
			buildActionMask = 2147483647;
			files = (
			);
			runOnlyForDeploymentPostprocessing = 0;
		};
		AA37B8282D5A46FB00967606 /* Resources */ = {
			isa = PBXResourcesBuildPhase;
			buildActionMask = 2147483647;
			files = (
			);
			runOnlyForDeploymentPostprocessing = 0;
		};
/* End PBXResourcesBuildPhase section */

/* Begin PBXSourcesBuildPhase section */
		AA37B8062D5A46F800967606 /* Sources */ = {
			isa = PBXSourcesBuildPhase;
			buildActionMask = 2147483647;
			files = (
			);
			runOnlyForDeploymentPostprocessing = 0;
		};
		AA37B81C2D5A46FB00967606 /* Sources */ = {
			isa = PBXSourcesBuildPhase;
			buildActionMask = 2147483647;
			files = (
			);
			runOnlyForDeploymentPostprocessing = 0;
		};
		AA37B8262D5A46FB00967606 /* Sources */ = {
			isa = PBXSourcesBuildPhase;
			buildActionMask = 2147483647;
			files = (
			);
			runOnlyForDeploymentPostprocessing = 0;
		};
/* End PBXSourcesBuildPhase section */

/* Begin PBXTargetDependency section */
		AA37B8222D5A46FB00967606 /* PBXTargetDependency */ = {
			isa = PBXTargetDependency;
			target = AA37B8092D5A46F800967606 /* CT_iOS */;
			targetProxy = AA37B8212D5A46FB00967606 /* PBXContainerItemProxy */;
		};
		AA37B82C2D5A46FB00967606 /* PBXTargetDependency */ = {
			isa = PBXTargetDependency;
			target = AA37B8092D5A46F800967606 /* CT_iOS */;
			targetProxy = AA37B82B2D5A46FB00967606 /* PBXContainerItemProxy */;
		};
/* End PBXTargetDependency section */

/* Begin XCBuildConfiguration section */
		AA37B8342D5A46FB00967606 /* Debug */ = {
			isa = XCBuildConfiguration;
			buildSettings = {
				ASSETCATALOG_COMPILER_APPICON_NAME = AppIcon;
				ASSETCATALOG_COMPILER_GLOBAL_ACCENT_COLOR_NAME = AccentColor;
				CODE_SIGN_STYLE = Automatic;
				CURRENT_PROJECT_VERSION = 1;
				DEVELOPMENT_TEAM = G9355AB4R7;
				GENERATE_INFOPLIST_FILE = YES;
				INFOPLIST_FILE = CT_iOS/Info.plist;
				INFOPLIST_KEY_UIApplicationSupportsIndirectInputEvents = YES;
				INFOPLIST_KEY_UILaunchStoryboardName = LaunchScreen;
				INFOPLIST_KEY_UIMainStoryboardFile = Main;
				INFOPLIST_KEY_UISupportedInterfaceOrientations_iPad = "UIInterfaceOrientationPortrait UIInterfaceOrientationPortraitUpsideDown UIInterfaceOrientationLandscapeLeft UIInterfaceOrientationLandscapeRight";
				INFOPLIST_KEY_UISupportedInterfaceOrientations_iPhone = "UIInterfaceOrientationPortrait UIInterfaceOrientationLandscapeLeft UIInterfaceOrientationLandscapeRight";
				LD_RUNPATH_SEARCH_PATHS = (
					"$(inherited)",
					"@executable_path/Frameworks",
				);
				MARKETING_VERSION = 1.0;
				PRODUCT_BUNDLE_IDENTIFIER = "com.clevertap.CT-iOS";
				PRODUCT_NAME = "$(TARGET_NAME)";
				SWIFT_EMIT_LOC_STRINGS = YES;
				SWIFT_VERSION = 5.0;
				TARGETED_DEVICE_FAMILY = "1,2";
			};
			name = Debug;
		};
		AA37B8352D5A46FB00967606 /* Release */ = {
			isa = XCBuildConfiguration;
			buildSettings = {
				ASSETCATALOG_COMPILER_APPICON_NAME = AppIcon;
				ASSETCATALOG_COMPILER_GLOBAL_ACCENT_COLOR_NAME = AccentColor;
				CODE_SIGN_STYLE = Automatic;
				CURRENT_PROJECT_VERSION = 1;
				DEVELOPMENT_TEAM = G9355AB4R7;
				GENERATE_INFOPLIST_FILE = YES;
				INFOPLIST_FILE = CT_iOS/Info.plist;
				INFOPLIST_KEY_UIApplicationSupportsIndirectInputEvents = YES;
				INFOPLIST_KEY_UILaunchStoryboardName = LaunchScreen;
				INFOPLIST_KEY_UIMainStoryboardFile = Main;
				INFOPLIST_KEY_UISupportedInterfaceOrientations_iPad = "UIInterfaceOrientationPortrait UIInterfaceOrientationPortraitUpsideDown UIInterfaceOrientationLandscapeLeft UIInterfaceOrientationLandscapeRight";
				INFOPLIST_KEY_UISupportedInterfaceOrientations_iPhone = "UIInterfaceOrientationPortrait UIInterfaceOrientationLandscapeLeft UIInterfaceOrientationLandscapeRight";
				LD_RUNPATH_SEARCH_PATHS = (
					"$(inherited)",
					"@executable_path/Frameworks",
				);
				MARKETING_VERSION = 1.0;
				PRODUCT_BUNDLE_IDENTIFIER = "com.clevertap.CT-iOS";
				PRODUCT_NAME = "$(TARGET_NAME)";
				SWIFT_EMIT_LOC_STRINGS = YES;
				SWIFT_VERSION = 5.0;
				TARGETED_DEVICE_FAMILY = "1,2";
			};
			name = Release;
		};
		AA37B8362D5A46FB00967606 /* Debug */ = {
			isa = XCBuildConfiguration;
			buildSettings = {
				ALWAYS_SEARCH_USER_PATHS = NO;
				ASSETCATALOG_COMPILER_GENERATE_SWIFT_ASSET_SYMBOL_EXTENSIONS = YES;
				CLANG_ANALYZER_NONNULL = YES;
				CLANG_ANALYZER_NUMBER_OBJECT_CONVERSION = YES_AGGRESSIVE;
				CLANG_CXX_LANGUAGE_STANDARD = "gnu++20";
				CLANG_ENABLE_MODULES = YES;
				CLANG_ENABLE_OBJC_ARC = YES;
				CLANG_ENABLE_OBJC_WEAK = YES;
				CLANG_WARN_BLOCK_CAPTURE_AUTORELEASING = YES;
				CLANG_WARN_BOOL_CONVERSION = YES;
				CLANG_WARN_COMMA = YES;
				CLANG_WARN_CONSTANT_CONVERSION = YES;
				CLANG_WARN_DEPRECATED_OBJC_IMPLEMENTATIONS = YES;
				CLANG_WARN_DIRECT_OBJC_ISA_USAGE = YES_ERROR;
				CLANG_WARN_DOCUMENTATION_COMMENTS = YES;
				CLANG_WARN_EMPTY_BODY = YES;
				CLANG_WARN_ENUM_CONVERSION = YES;
				CLANG_WARN_INFINITE_RECURSION = YES;
				CLANG_WARN_INT_CONVERSION = YES;
				CLANG_WARN_NON_LITERAL_NULL_CONVERSION = YES;
				CLANG_WARN_OBJC_IMPLICIT_RETAIN_SELF = YES;
				CLANG_WARN_OBJC_LITERAL_CONVERSION = YES;
				CLANG_WARN_OBJC_ROOT_CLASS = YES_ERROR;
				CLANG_WARN_QUOTED_INCLUDE_IN_FRAMEWORK_HEADER = YES;
				CLANG_WARN_RANGE_LOOP_ANALYSIS = YES;
				CLANG_WARN_STRICT_PROTOTYPES = YES;
				CLANG_WARN_SUSPICIOUS_MOVE = YES;
				CLANG_WARN_UNGUARDED_AVAILABILITY = YES_AGGRESSIVE;
				CLANG_WARN_UNREACHABLE_CODE = YES;
				CLANG_WARN__DUPLICATE_METHOD_MATCH = YES;
				COPY_PHASE_STRIP = NO;
				DEBUG_INFORMATION_FORMAT = dwarf;
				ENABLE_STRICT_OBJC_MSGSEND = YES;
				ENABLE_TESTABILITY = YES;
				ENABLE_USER_SCRIPT_SANDBOXING = YES;
				GCC_C_LANGUAGE_STANDARD = gnu17;
				GCC_DYNAMIC_NO_PIC = NO;
				GCC_NO_COMMON_BLOCKS = YES;
				GCC_OPTIMIZATION_LEVEL = 0;
				GCC_PREPROCESSOR_DEFINITIONS = (
					"DEBUG=1",
					"$(inherited)",
				);
				GCC_WARN_64_TO_32_BIT_CONVERSION = YES;
				GCC_WARN_ABOUT_RETURN_TYPE = YES_ERROR;
				GCC_WARN_UNDECLARED_SELECTOR = YES;
				GCC_WARN_UNINITIALIZED_AUTOS = YES_AGGRESSIVE;
				GCC_WARN_UNUSED_FUNCTION = YES;
				GCC_WARN_UNUSED_VARIABLE = YES;
				IPHONEOS_DEPLOYMENT_TARGET = 18.2;
				LOCALIZATION_PREFERS_STRING_CATALOGS = YES;
				MTL_ENABLE_DEBUG_INFO = INCLUDE_SOURCE;
				MTL_FAST_MATH = YES;
				ONLY_ACTIVE_ARCH = YES;
				SDKROOT = iphoneos;
				SWIFT_ACTIVE_COMPILATION_CONDITIONS = "DEBUG $(inherited)";
				SWIFT_OPTIMIZATION_LEVEL = "-Onone";
			};
			name = Debug;
		};
		AA37B8372D5A46FB00967606 /* Release */ = {
			isa = XCBuildConfiguration;
			buildSettings = {
				ALWAYS_SEARCH_USER_PATHS = NO;
				ASSETCATALOG_COMPILER_GENERATE_SWIFT_ASSET_SYMBOL_EXTENSIONS = YES;
				CLANG_ANALYZER_NONNULL = YES;
				CLANG_ANALYZER_NUMBER_OBJECT_CONVERSION = YES_AGGRESSIVE;
				CLANG_CXX_LANGUAGE_STANDARD = "gnu++20";
				CLANG_ENABLE_MODULES = YES;
				CLANG_ENABLE_OBJC_ARC = YES;
				CLANG_ENABLE_OBJC_WEAK = YES;
				CLANG_WARN_BLOCK_CAPTURE_AUTORELEASING = YES;
				CLANG_WARN_BOOL_CONVERSION = YES;
				CLANG_WARN_COMMA = YES;
				CLANG_WARN_CONSTANT_CONVERSION = YES;
				CLANG_WARN_DEPRECATED_OBJC_IMPLEMENTATIONS = YES;
				CLANG_WARN_DIRECT_OBJC_ISA_USAGE = YES_ERROR;
				CLANG_WARN_DOCUMENTATION_COMMENTS = YES;
				CLANG_WARN_EMPTY_BODY = YES;
				CLANG_WARN_ENUM_CONVERSION = YES;
				CLANG_WARN_INFINITE_RECURSION = YES;
				CLANG_WARN_INT_CONVERSION = YES;
				CLANG_WARN_NON_LITERAL_NULL_CONVERSION = YES;
				CLANG_WARN_OBJC_IMPLICIT_RETAIN_SELF = YES;
				CLANG_WARN_OBJC_LITERAL_CONVERSION = YES;
				CLANG_WARN_OBJC_ROOT_CLASS = YES_ERROR;
				CLANG_WARN_QUOTED_INCLUDE_IN_FRAMEWORK_HEADER = YES;
				CLANG_WARN_RANGE_LOOP_ANALYSIS = YES;
				CLANG_WARN_STRICT_PROTOTYPES = YES;
				CLANG_WARN_SUSPICIOUS_MOVE = YES;
				CLANG_WARN_UNGUARDED_AVAILABILITY = YES_AGGRESSIVE;
				CLANG_WARN_UNREACHABLE_CODE = YES;
				CLANG_WARN__DUPLICATE_METHOD_MATCH = YES;
				COPY_PHASE_STRIP = NO;
				DEBUG_INFORMATION_FORMAT = "dwarf-with-dsym";
				ENABLE_NS_ASSERTIONS = NO;
				ENABLE_STRICT_OBJC_MSGSEND = YES;
				ENABLE_USER_SCRIPT_SANDBOXING = YES;
				GCC_C_LANGUAGE_STANDARD = gnu17;
				GCC_NO_COMMON_BLOCKS = YES;
				GCC_WARN_64_TO_32_BIT_CONVERSION = YES;
				GCC_WARN_ABOUT_RETURN_TYPE = YES_ERROR;
				GCC_WARN_UNDECLARED_SELECTOR = YES;
				GCC_WARN_UNINITIALIZED_AUTOS = YES_AGGRESSIVE;
				GCC_WARN_UNUSED_FUNCTION = YES;
				GCC_WARN_UNUSED_VARIABLE = YES;
				IPHONEOS_DEPLOYMENT_TARGET = 18.2;
				LOCALIZATION_PREFERS_STRING_CATALOGS = YES;
				MTL_ENABLE_DEBUG_INFO = NO;
				MTL_FAST_MATH = YES;
				SDKROOT = iphoneos;
				SWIFT_COMPILATION_MODE = wholemodule;
				VALIDATE_PRODUCT = YES;
			};
			name = Release;
		};
		AA37B8392D5A46FB00967606 /* Debug */ = {
			isa = XCBuildConfiguration;
			buildSettings = {
				BUNDLE_LOADER = "$(TEST_HOST)";
				CODE_SIGN_STYLE = Automatic;
				CURRENT_PROJECT_VERSION = 1;
				DEVELOPMENT_TEAM = G9355AB4R7;
				GENERATE_INFOPLIST_FILE = YES;
				IPHONEOS_DEPLOYMENT_TARGET = 18.2;
				MARKETING_VERSION = 1.0;
				PRODUCT_BUNDLE_IDENTIFIER = "com.clevertap.CT-iOSTests";
				PRODUCT_NAME = "$(TARGET_NAME)";
				SWIFT_EMIT_LOC_STRINGS = NO;
				SWIFT_VERSION = 5.0;
				TARGETED_DEVICE_FAMILY = "1,2";
				TEST_HOST = "$(BUILT_PRODUCTS_DIR)/CT_iOS.app/$(BUNDLE_EXECUTABLE_FOLDER_PATH)/CT_iOS";
			};
			name = Debug;
		};
		AA37B83A2D5A46FB00967606 /* Release */ = {
			isa = XCBuildConfiguration;
			buildSettings = {
				BUNDLE_LOADER = "$(TEST_HOST)";
				CODE_SIGN_STYLE = Automatic;
				CURRENT_PROJECT_VERSION = 1;
				DEVELOPMENT_TEAM = G9355AB4R7;
				GENERATE_INFOPLIST_FILE = YES;
				IPHONEOS_DEPLOYMENT_TARGET = 18.2;
				MARKETING_VERSION = 1.0;
				PRODUCT_BUNDLE_IDENTIFIER = "com.clevertap.CT-iOSTests";
				PRODUCT_NAME = "$(TARGET_NAME)";
				SWIFT_EMIT_LOC_STRINGS = NO;
				SWIFT_VERSION = 5.0;
				TARGETED_DEVICE_FAMILY = "1,2";
				TEST_HOST = "$(BUILT_PRODUCTS_DIR)/CT_iOS.app/$(BUNDLE_EXECUTABLE_FOLDER_PATH)/CT_iOS";
			};
			name = Release;
		};
		AA37B83C2D5A46FB00967606 /* Debug */ = {
			isa = XCBuildConfiguration;
			buildSettings = {
				CODE_SIGN_STYLE = Automatic;
				CURRENT_PROJECT_VERSION = 1;
				DEVELOPMENT_TEAM = G9355AB4R7;
				GENERATE_INFOPLIST_FILE = YES;
				MARKETING_VERSION = 1.0;
				PRODUCT_BUNDLE_IDENTIFIER = "com.clevertap.CT-iOSUITests";
				PRODUCT_NAME = "$(TARGET_NAME)";
				SWIFT_EMIT_LOC_STRINGS = NO;
				SWIFT_VERSION = 5.0;
				TARGETED_DEVICE_FAMILY = "1,2";
				TEST_TARGET_NAME = CT_iOS;
			};
			name = Debug;
		};
		AA37B83D2D5A46FB00967606 /* Release */ = {
			isa = XCBuildConfiguration;
			buildSettings = {
				CODE_SIGN_STYLE = Automatic;
				CURRENT_PROJECT_VERSION = 1;
				DEVELOPMENT_TEAM = G9355AB4R7;
				GENERATE_INFOPLIST_FILE = YES;
				MARKETING_VERSION = 1.0;
				PRODUCT_BUNDLE_IDENTIFIER = "com.clevertap.CT-iOSUITests";
				PRODUCT_NAME = "$(TARGET_NAME)";
				SWIFT_EMIT_LOC_STRINGS = NO;
				SWIFT_VERSION = 5.0;
				TARGETED_DEVICE_FAMILY = "1,2";
				TEST_TARGET_NAME = CT_iOS;
			};
			name = Release;
		};
/* End XCBuildConfiguration section */

/* Begin XCConfigurationList section */
		AA37B8052D5A46F800967606 /* Build configuration list for PBXProject "CT_iOS" */ = {
			isa = XCConfigurationList;
			buildConfigurations = (
				AA37B8362D5A46FB00967606 /* Debug */,
				AA37B8372D5A46FB00967606 /* Release */,
			);
			defaultConfigurationIsVisible = 0;
			defaultConfigurationName = Release;
		};
		AA37B8332D5A46FB00967606 /* Build configuration list for PBXNativeTarget "CT_iOS" */ = {
			isa = XCConfigurationList;
			buildConfigurations = (
				AA37B8342D5A46FB00967606 /* Debug */,
				AA37B8352D5A46FB00967606 /* Release */,
			);
			defaultConfigurationIsVisible = 0;
			defaultConfigurationName = Release;
		};
		AA37B8382D5A46FB00967606 /* Build configuration list for PBXNativeTarget "CT_iOSTests" */ = {
			isa = XCConfigurationList;
			buildConfigurations = (
				AA37B8392D5A46FB00967606 /* Debug */,
				AA37B83A2D5A46FB00967606 /* Release */,
			);
			defaultConfigurationIsVisible = 0;
			defaultConfigurationName = Release;
		};
		AA37B83B2D5A46FB00967606 /* Build configuration list for PBXNativeTarget "CT_iOSUITests" */ = {
			isa = XCConfigurationList;
			buildConfigurations = (
				AA37B83C2D5A46FB00967606 /* Debug */,
				AA37B83D2D5A46FB00967606 /* Release */,
			);
			defaultConfigurationIsVisible = 0;
			defaultConfigurationName = Release;
		};
/* End XCConfigurationList section */
	};
	rootObject = AA37B8022D5A46F800967606 /* Project object */;
}
